GIT
  remote: https://github.com/blolol/cinch.git
  revision: fad9b95a1b893116f661b38c599a155a7696c5a0
  specs:
    cinch (2.4.0)

GEM
  remote: https://rubygems.org/
  specs:
    base64 (0.3.0)
    logger (1.7.0)
    minitest (5.27.0)
    ostruct (0.6.3)

PLATFORMS
  x86_64-linux

DEPENDENCIES
  base64
  cinch!
  logger
  minitest (~> 5.25)
  ostruct

BUNDLED WITH
  4.0.16
