# Inference-only lock for the amd64 Debian bookworm deployment image.
# Torch is selected from the official CPU wheel index by deploy/Dockerfile.
Farama-Notifications==0.0.4 --hash=sha256:14de931035a41961f7c056361dc7f980762a143d05791ef5794a751a2caf05ae
Jinja2==3.1.4 --hash=sha256:bc5dd2abb727a5319567b7a813e6a2e7318c39f4f487cfe6c89c6f9c7d25197d
MarkupSafe==3.0.2 --hash=sha256:a123e330ef0853c6e822384873bef7507557d8e4a082961e1defa947aa59ba84
cloudpickle==3.1.1 --hash=sha256:c8c5a44295039331ee9dad40ba100a9c7297b6f988e50e87ccdf3765a668350e
contourpy==1.3.3 --hash=sha256:51e79c1f7470158e838808d4a996fa9bac72c498e93d8ebe5119bc1e6becb0db
cycler==0.12.1 --hash=sha256:85cef7cff222d8644161529808465972e51340599459b8ac3ccbac5a854e0d30
filelock==3.13.1 --hash=sha256:57dbda9b35157b05fb3e58ee91448612eb674172fab98ee235ccb0b5bee19a1c
fonttools==4.60.0 --hash=sha256:800b3fa0d5c12ddff02179d45b035a23989a6c597a71c8035c010fff3b2ef1bb
fsspec==2024.6.1 --hash=sha256:3cb443f8bcd2efb31295a5b9fdb02aee81d8452c80d28f97a6d0959e6cee101e
gymnasium==1.2.0 --hash=sha256:fc4a1e4121a9464c29b4d7dc6ade3fbeaa36dea448682f5f71a6d2c17489ea76
kiwisolver==1.4.9 --hash=sha256:dc1ae486f9abcef254b5618dfb4113dd49f94c68e3e027d03cf0143f3f772b61
matplotlib==3.10.6 --hash=sha256:942a8de2b5bfff1de31d95722f702e2966b8a7e31f4e68f7cd963c7cd8861cf6
mpmath==1.3.0 --hash=sha256:a0b2b9fe80bbcd81a6647ff13108738cfb482d481d826cc0e02f5b35e5c88d2c
networkx==3.3 --hash=sha256:28575580c6ebdaf4505b22c6256a2b9de86b316dc63ba9e93abde3d78dfdbcf2
numpy==2.3.5 --hash=sha256:8cba086a43d54ca804ce711b2a940b16e452807acebe7852ff327f1ecd49b0d4
packaging==24.1 --hash=sha256:5b8f2217dbdbd2f7f384c41c628544e6d52f2d0f53c6d0c3ea61aa5d1d7ff124
pandas==2.3.2 --hash=sha256:1d81573b3f7db40d020983f78721e9bfc425f411e616ef019a10ebf597aedb2e
pillow==12.1.0 --hash=sha256:1f345e7bc9d7f368887c712aa5054558bad44d2a301ddf9248599f4161abc7c0
pip==25.1.1 --hash=sha256:2913a38a2abf4ea6b64ab507bd9e967f3b53dc1ede74b01b0931e1ce548751af
pyparsing==3.2.5 --hash=sha256:e38a4f02064cf41fe6593d328d0512495ad1f3d8a91c4f73fc401b3079a59a5e
python-dateutil==2.9.0.post0 --hash=sha256:a8b2bc7bffae282281c8140a97d3aa9c14da0b136dfe83f850eea9a5f7470427
pytz==2025.2 --hash=sha256:5ddf76296dd8c44c26eb8f4b6f35488f3ccbf6fbbd7adee0b7262d43f0ec2f00
sb3-contrib==2.7.0 --hash=sha256:fc5b5cffc7908c7961a73daea8496f5bf2fe69301bc3e7ca71522549eb7feb77
setuptools==70.2.0 --hash=sha256:b8b8060bb426838fbe942479c90296ce976249451118ef566a5a0b7d8b78fb05
six==1.17.0 --hash=sha256:4721f391ed90541fddacab5acf947aa0d3dc7d27b2e1e8eda2be8970586c3274
stable-baselines3==2.7.0 --hash=sha256:3de94fab840b3eb379a352c8d9b390998686d2fcb41de36298066935eef94bea
sympy==1.13.3 --hash=sha256:54612cf55a62755ee71824ce692986f23c88ffa77207b30c1368eda4a7060f73
torch==2.8.0+cpu --hash=sha256:cb06175284673a581dd91fb1965662ae4ecaba6e5c357aa0ea7bb8b84b6b7eeb
typing_extensions==4.12.2 --hash=sha256:04e5ca0351e0f3f85c6853954072df659d0d13fac324d0072316b67d7794700d
tzdata==2025.2 --hash=sha256:1a403fada01ff9221ca8044d701868fa132215d84beb92242d9acd2147f667a8
